charm.land/bubbles/v2 v2.0.0-rc.1 h1:EiIFVAc3Zi/yY86td+79mPhHR7AqZ1OxF+6ztpOCRaM=
charm.land/bubbles/v2 v2.0.0-rc.1/go.mod h1:5AbN6cEd/47gkEf8TgiQ2O3RZ5QxMS14l9W+7F9fPC4=
charm.land/bubbletea/v2 v2.0.0-rc.2 h1:TdTbUOFzbufDJmSz/3gomL6q+fR6HwfY+P13hXQzD7k=
charm.land/bubbletea/v2 v2.0.0-rc.2/go.mod h1:IXFmnCnMLTWw/KQ9rEatSYqbAPAYi8kA3Yqwa1SFnLk=
charm.land/lipgloss/v2 v2.0.0-beta.3.0.20251106192539-4b304240aab7 h1:059k1h5vvZ4ASinki9nmBguxu9Rq0UDDSa6q8LOUphk=
charm.land/lipgloss/v2 v2.0.0-beta.3.0.20251106192539-4b304240aab7/go.mod h1:1qZyvvVCenJO2M1ac2mX0yyiIZJoZmDM4DG4s0udJkU=
github.com/atotto/clipboard v0.1.4 h1:EH0zSVneZPSuFR11BlR9YppQTVDbh5+16AmcJi4g1z4=
github.com/atotto/clipboard v0.1.4/go.mod h1:ZY9tmq7sm5xIbd9bOK4onWV4S6X0u6GY7Vn0Yu86PYI=
github.com/aws/aws-sdk-go-v2 v1.41.0 h1:tNvqh1s+v0vFYdA1xq0aOJH+Y5cRyZ5upu6roPgPKd4=
github.com/aws/aws-sdk-go-v2 v1.41.0/go.mod h1:MayyLB8y+buD9hZqkCW3kX1AKq07Y5pXxtgB+rRFhz0=
github.com/aws/aws-sdk-go-v2/aws/protocol/eventstream v1.7.4 h1:489krEF9xIGkOaaX3CE/Be2uWjiXrkCH6gUX+bZA/BU=
github.com/aws/aws-sdk-go-v2/aws/protocol/eventstream v1.7.4/go.mod h1:IOAPF6oT9KCsceNTvvYMNHy0+kMF8akOjeDvPENWxp4=
github.com/aws/aws-sdk-go-v2/config v1.32.5 h1:pz3duhAfUgnxbtVhIK39PGF/AHYyrzGEyRD9Og0QrE8=
github.com/aws/aws-sdk-go-v2/config v1.32.5/go.mod h1:xmDjzSUs/d0BB7ClzYPAZMmgQdrodNjPPhd6bGASwoE=
github.com/aws/aws-sdk-go-v2/credentials v1.19.5 h1:xMo63RlqP3ZZydpJDMBsH9uJ10hgHYfQFIk1cHDXrR4=
github.com/aws/aws-sdk-go-v2/credentials v1.19.5/go.mod h1:hhbH6oRcou+LpXfA/0vPElh/e0M3aFeOblE1sssAAEk=
github.com/aws/aws-sdk-go-v2/feature/ec2/imds v1.18.16 h1:80+uETIWS1BqjnN9uJ0dBUaETh+P1XwFy5vwHwK5r9k=
github.com/aws/aws-sdk-go-v2/feature/ec2/imds v1.18.16/go.mod h1:wOOsYuxYuB/7FlnVtzeBYRcjSRtQpAW0hCP7tIULMwo=
github.com/aws/aws-sdk-go-v2/internal/configsources v1.4.16 h1:rgGwPzb82iBYSvHMHXc8h9mRoOUBZIGFgKb9qniaZZc=
github.com/aws/aws-sdk-go-v2/internal/configsources v1.4.16/go.mod h1:L/UxsGeKpGoIj6DxfhOWHWQ/kGKcd4I1VncE4++IyKA=
github.com/aws/aws-sdk-go-v2/internal/endpoints/v2 v2.7.16 h1:1jtGzuV7c82xnqOVfx2F0xmJcOw5374L7N6juGW6x6U=
github.com/aws/aws-sdk-go-v2/internal/endpoints/v2 v2.7.16/go.mod h1:M2E5OQf+XLe+SZGmmpaI2yy+J326aFf6/+54PoxSANc=
github.com/aws/aws-sdk-go-v2/internal/ini v1.8.4 h1:WKuaxf++XKWlHWu9ECbMlha8WOEGm0OUEZqm4K/Gcfk=
github.com/aws/aws-sdk-go-v2/internal/ini v1.8.4/go.mod h1:ZWy7j6v1vWGmPReu0iSGvRiise4YI5SkR3OHKTZ6Wuc=
github.com/aws/aws-sdk-go-v2/internal/v4a v1.4.16 h1:CjMzUs78RDDv4ROu3JnJn/Ig1r6ZD7/T2DXLLRpejic=
github.com/aws/aws-sdk-go-v2/internal/v4a v1.4.16/go.mod h1:uVW4OLBqbJXSHJYA9svT9BluSvvwbzLQ2Crf6UPzR3c=
github.com/aws/aws-sdk-go-v2/service/accessanalyzer v1.45.7 h1:Wk+iUYnUOd4SQiRrYW6pN6//pXlzKq58oxY7bgCbbME=
github.com/aws/aws-sdk-go-v2/service/accessanalyzer v1.45.7/go.mod h1:GXWkNLt5Pwh0vlSnzoPsI/95tbJuSc2vKbyKqFUZ9pA=
github.com/aws/aws-sdk-go-v2/service/acm v1.37.18 h1:3rTIYf8RlwM3XjF6pLi08IEXKTOXumInlWQX73tcVsU=
github.com/aws/aws-sdk-go-v2/service/acm v1.37.18/go.mod h1:GzbPzpSxdxuZW3cs+3XKt8B46/mbktp2y69dfQWYJXo=
github.com/aws/aws-sdk-go-v2/service/apigateway v1.38.3 h1:nnhGwOSJAnWSwcOINuRUql8/C/l0pCGedsNgv6FSZHs=
github.com/aws/aws-sdk-go-v2/service/apigateway v1.38.3/go.mod h1:U3xTNpFRAV7yduECTfDBDJVFmY5FLrL5HsTSigwOeHs=
github.com/aws/aws-sdk-go-v2/service/apigatewayv2 v1.33.4 h1:FcarAOOdK+8gIYD8/90x7JTOAno+U6IrzMdowePmyBA=
github.com/aws/aws-sdk-go-v2/service/apigatewayv2 v1.33.4/go.mod h1:pCcxm44Iqac20ss6LXtMfg9eAqrP0HHmovnX5PZuHcE=
github.com/aws/aws-sdk-go-v2/service/apprunner v1.39.9 h1:3MgcobMoBK3IqP2TbuySbdjc79EYCmN+ZRCKQD6d0GU=
github.com/aws/aws-sdk-go-v2/service/apprunner v1.39.9/go.mod h1:n6b+O7QJ6E37dXZYPdLnC4S7Cc5HUYOQPZijLeDKIGY=
github.com/aws/aws-sdk-go-v2/service/appsync v1.53.0 h1:8I7CLKciARX91L7cKj1horWon1/Z1eGG9E1ZvjW7HwA=
github.com/aws/aws-sdk-go-v2/service/appsync v1.53.0/go.mod h1:iLJM8Rf5z8Td/Zvz5qv/XxP4h4E9aoBNXDUVoryy110=
github.com/aws/aws-sdk-go-v2/service/athena v1.56.4 h1:kCHAYlcGKCKKDGMRUfnY6pI992vC3UdA3+oPdfDBSHE=
github.com/aws/aws-sdk-go-v2/service/athena v1.56.4/go.mod h1:Whob/cKMykIKxGMQVhPhGEC1+D+bgEDOL7brjSB4ju8=
github.com/aws/aws-sdk-go-v2/service/autoscaling v1.62.4 h1:zCXye5ezlTkRlxDTwQ+ijc3BtYKrjCWu67Dmf3LGcEk=
github.com/aws/aws-sdk-go-v2/service/autoscaling v1.62.4/go.mod h1:CATFGdm+7wEDojXHd8AVSxbFRK+q6b0FL/6hqPtWZ5k=
github.com/aws/aws-sdk-go-v2/service/backup v1.54.5 h1:1ohWtO/jcqLqX1lh0sFcAKXCChhf7inCemQZMTqNfF0=
github.com/aws/aws-sdk-go-v2/service/backup v1.54.5/go.mod h1:mFaiE+PG/HYqwomFCUPLbqkQSwztsPZNIu30rBkRohc=
github.com/aws/aws-sdk-go-v2/service/batch v1.58.11 h1:A3s5XrpKnhe84eWf8FnwtbDFD81mtCAvTLDAJe67vOo=
github.com/aws/aws-sdk-go-v2/service/batch v1.58.11/go.mod h1:wcqihqx5FqtYtykgE5ZMCVgkLaBFrr/0JqOZp8xowaw=
github.com/aws/aws-sdk-go-v2/service/bedrock v1.53.0 h1:cmQBS5qaRe1yV7eL7shROYjBv/O3TJf9tJEDSiWndIA=
github.com/aws/aws-sdk-go-v2/service/bedrock v1.53.0/go.mod h1:LV2LELzMlToA6tauFUTYr0iy20Gp4TKz2vMQYaKq0Pw=
github.com/aws/aws-sdk-go-v2/service/bedrockagent v1.52.2 h1:jrOALh0fIx8kUfesQS4jMkXGPDQ2xKt5bbREgsoHcmw=
github.com/aws/aws-sdk-go-v2/service/bedrockagent v1.52.2/go.mod h1:hRzcNxU8BOG5ijgeMDLyw0sx4fBOxrjPDB/DnDK6X1M=
github.com/aws/aws-sdk-go-v2/service/bedrockagentcorecontrol v1.15.1 h1:BJmfQWd/3kjWCw3zkS3lSZ9uVwo9jsDGfW8g4EG2xbY=
github.com/aws/aws-sdk-go-v2/service/bedrockagentcorecontrol v1.15.1/go.mod h1:3zWDBnJEUh72XdC7iEqdCSwPwDuveVsKTmtThuGwC2s=
github.com/aws/aws-sdk-go-v2/service/budgets v1.42.3 h1:SWmlAqhAeh9ByGn56CLqJEEFwd1tsDM1t9ojTcxpnvo=
github.com/aws/aws-sdk-go-v2/service/budgets v1.42.3/go.mod h1:MBllv8Mjt8gp2rBU+iA5L6QabvS5L00LSru/ICHld7M=
github.com/aws/aws-sdk-go-v2/service/cloudformation v1.71.4 h1:9dwMueqbHIp0KTw2Zt0rhVobiPMlAI8UgyxiaBzM+1E=
github.com/aws/aws-sdk-go-v2/service/cloudformation v1.71.4/go.mod h1:R4SVh77rxRZut8uzbNhnXcwA5m99OT4hqhHkZjh5NAk=
github.com/aws/aws-sdk-go-v2/service/cloudfront v1.58.3 h1:/nyo0QD97D5VQQL/UE+rKGNKz+BesiqJgjdmp0qtTOQ=
github.com/aws/aws-sdk-go-v2/service/cloudfront v1.58.3/go.mod h1:Jp0zmzn87l3dKarpDT/qbHNyISst5OnmzMACKuiyMvY=
github.com/aws/aws-sdk-go-v2/service/cloudtrail v1.55.4 h1:paDKcKBWPFh/uaTEMPMXyVj5Qsz2dlHaJCi+6yg1C84=
github.com/aws/aws-sdk-go-v2/service/cloudtrail v1.55.4/go.mod h1:06x0N2mdQ+l0uv/fjo8p96812Ex8sxq24LmC8JPajmg=
github.com/aws/aws-sdk-go-v2/service/cloudwatch v1.53.0 h1:XY6wKzfriEF+V8bFYFi1S3i8ly+Zetq/RuPyaGdMMzE=
github.com/aws/aws-sdk-go-v2/service/cloudwatch v1.53.0/go.mod h1:zUms+kt0awoSYh/MwI9d3AV5xMHIDRf7I736b1Drw/k=
github.com/aws/aws-sdk-go-v2/service/cloudwatchlogs v1.62.2 h1:U7ATBzpyD+A3IxzwKUL+meioIs3HO+/eyxghGTy6bkY=
github.com/aws/aws-sdk-go-v2/service/cloudwatchlogs v1.62.2/go.mod h1:ESQxVIp7hs1MdsdEF4KITf65SfM3fh/EEiYi+s0S/pE=
github.com/aws/aws-sdk-go-v2/service/codebuild v1.68.8 h1:uzot4kkdHaFpj1cjsHilL6B4wjC47pKoGzRBu6Ru/vo=
github.com/aws/aws-sdk-go-v2/service/codebuild v1.68.8/go.mod h1:br0rKgL6SJI6tuipFqqCTwbi8YgQ0zTYi1HHAq0uaBQ=
github.com/aws/aws-sdk-go-v2/service/codepipeline v1.46.16 h1:d3xDjD1paX0rHG+CVdspZN/LGoznmLLphz2HSsStZIk=
github.com/aws/aws-sdk-go-v2/service/codepipeline v1.46.16/go.mod h1:p461ewWfgWNHSHnpSphvvUYAVjq/XaL+2DsXJjza2F4=
github.com/aws/aws-sdk-go-v2/service/cognitoidentityprovider v1.57.17 h1:kYAxFlyBhmhdjel6MNFf5lYQlTcMUOXPC33mor8rFz0=
github.com/aws/aws-sdk-go-v2/service/cognitoidentityprovider v1.57.17/go.mod h1:NSRHRisUPKx5y8RD+HpeCjIn8SYz5m6HhNGkd0GLB1o=
github.com/aws/aws-sdk-go-v2/service/computeoptimizer v1.49.3 h1:FF2Z+l7R0L1XamxF1UfLYZ/B+gI+L/bKQWA6k+L94T0=
github.com/aws/aws-sdk-go-v2/service/computeoptimizer v1.49.3/go.mod h1:ihDczy1E6oCNDolEL8peazafiSnqf2Usw7X9jn40m9w=
github.com/aws/aws-sdk-go-v2/service/configservice v1.59.9 h1:mfrlCO6GCwSiVV+riXWQnfQxJMXeTe9xZ4k0HCDYFZ4=
github.com/aws/aws-sdk-go-v2/service/configservice v1.59.9/go.mod h1:nkku7pEfQLBI9XGX0fTdDylOiXF8T54Wrff6CHBMeXY=
github.com/aws/aws-sdk-go-v2/service/costexplorer v1.62.0 h1:YD2xJ3wFL8svkw7cEpt/1rUq1NeMnz+TRXgMooMFoqo=
github.com/aws/aws-sdk-go-v2/service/costexplorer v1.62.0/go.mod h1:SCRS6FhD8HFqq9ISjLdNO4X6uCZ/ESRL2JlIKSI75RQ=
github.com/aws/aws-sdk-go-v2/service/datasync v1.57.0 h1:c86IDU9xeMkzzgGICKh6UIgVjCDEMjh3RSB6ET5bzwA=
github.com/aws/aws-sdk-go-v2/service/datasync v1.57.0/go.mod h1:1edw09z6gZp6OY1O5hyS6FNa5elwegmnNlsULbt2Ixw=
github.com/aws/aws-sdk-go-v2/service/detective v1.38.8 h1:aV2RW2nJTNDHAYZMMEk1mBGGzCw76YjsElxaCOz/+Q0=
github.com/aws/aws-sdk-go-v2/service/detective v1.38.8/go.mod h1:wNn3bdVqMNImj4GyhdRpSpH005AY/5whiODMTh4Eamo=
github.com/aws/aws-sdk-go-v2/service/directconnect v1.38.10 h1:Fm5d5e7Iy73zmS0su/bSyinfwyNqlIOQmxCD4N0HKEQ=
github.com/aws/aws-sdk-go-v2/service/directconnect v1.38.10/go.mod h1:y3QZUun1UX9K2bPjXe4im5jc2Jwy2TI56DXLprrH6IU=
github.com/aws/aws-sdk-go-v2/service/dynamodb v1.53.5 h1:mSBrQCXMjEvLHsYyJVbN8QQlcITXwHEuu+8mX9e2bSo=
github.com/aws/aws-sdk-go-v2/service/dynamodb v1.53.5/go.mod h1:eEuD0vTf9mIzsSjGBFWIaNQwtH5/mzViJOVQfnMY5DE=
github.com/aws/aws-sdk-go-v2/service/ec2 v1.276.1 h1:P7db/Z55pXvwnueLuHUuVlxnqjbAtiadm01+QIC42OA=
github.com/aws/aws-sdk-go-v2/service/ec2 v1.276.1/go.mod h1:Wg68QRgy2gEGGdmTPU/UbVpdv8sM14bUZmF64KFwAsY=
github.com/aws/aws-sdk-go-v2/service/ecr v1.54.4 h1:4THfkydiKvFeOFlfY1ABHe4Nsj+Jy6S6tHBqUAojY0M=
github.com/aws/aws-sdk-go-v2/service/ecr v1.54.4/go.mod h1:8n8vVvu7LzveA0or4iWQwNndJStpKOX4HiVHM5jax2U=
github.com/aws/aws-sdk-go-v2/service/ecs v1.69.5 h1:5nkhwt0d/gjuT3AQ2LUK0aFRNB3MGlzB2elqy/ZsKP4=
github.com/aws/aws-sdk-go-v2/service/ecs v1.69.5/go.mod h1:LQMlcWBoiFVD3vUVEz42ST0yTiaDujv2dRE6sXt1yPE=
github.com/aws/aws-sdk-go-v2/service/elasticache v1.51.8 h1:LiAvvvkFFhvL0AKbsDwEFLC6w4jLOd6r/eNk/b7ZvL4=
github.com/aws/aws-sdk-go-v2/service/elasticache v1.51.8/go.mod h1:QMDpBJOUoPTE4u4IJjbbmrY9ky+yFe6rU1FdKQtvc30=
github.com/aws/aws-sdk-go-v2/service/elasticloadbalancingv2 v1.54.5 h1:JjKuK9zbAVv6X44ia/OZrRS8ngOx3QfvtQTN0poJdPw=
github.com/aws/aws-sdk-go-v2/service/elasticloadbalancingv2 v1.54.5/go.mod h1:qZnMTI+Q9S/C2dNbIMhIH8XMMR3UpO1dgpM4FnH8ZOY=
github.com/aws/aws-sdk-go-v2/service/emr v1.57.4 h1:6gpOrv5HebiRILDlq6quIr4UtmhyxdE0v+tVKdpu0wo=
github.com/aws/aws-sdk-go-v2/service/emr v1.57.4/go.mod h1:qHrbyloGbgvGIYYWn51aHx7HK9gVQKHTWZPLmhlfgtQ=
github.com/aws/aws-sdk-go-v2/service/eventbridge v1.45.17 h1:ltbEzdlO5qKYK1FuwTt2LibddWFmH/QY6usxvPOQP08=
github.com/aws/aws-sdk-go-v2/service/eventbridge v1.45.17/go.mod h1:KXFNdzl+mZpQlLYm378Ml18wBHybbMpyBwNXuYjbDT4=
github.com/aws/aws-sdk-go-v2/service/fms v1.44.16 h1:IoO9da/CYmn+WlJdEimFLj+n1Cv5vKQSd9gwZlNY1PY=
github.com/aws/aws-sdk-go-v2/service/fms v1.44.16/go.mod h1:ps2AgucjzvCIdeuAOoXBRZUeVAqWgJ1+fGChfWRq3FM=
github.com/aws/aws-sdk-go-v2/service/glue v1.135.3 h1:Y3AJG3faZeMLkERgg+vdqhLDtBIx+8uc14BvWlxFcCY=
github.com/aws/aws-sdk-go-v2/service/glue v1.135.3/go.mod h1:t3GxMA7CEzEXN6zmI6Br0gSLy+9x4ndsXTk1prQuP7s=
github.com/aws/aws-sdk-go-v2/service/guardduty v1.70.1 h1:i6rDonvayDvW/AGQV3AjcQAZeC/oKclwhh2ozGNRRj8=
github.com/aws/aws-sdk-go-v2/service/guardduty v1.70.1/go.mod h1:JYjdl7T2irE+UVsbalQMvdS9Ecx4gc3o93w5/wSHIKo=
github.com/aws/aws-sdk-go-v2/service/health v1.35.5 h1:Sw/o9AmsW7HmEQokFUQU/Y9Z+GcFSe4Eh9l2n/aFVtA=
github.com/aws/aws-sdk-go-v2/service/health v1.35.5/go.mod h1:AObcHeSFMWL3yRqt1rtaxN8t2DbuxO/aQYy3XxO8mKo=
github.com/aws/aws-sdk-go-v2/service/iam v1.53.1 h1:xNCUk9XN6Pa9PyzbEfzgRpvEIVlqtth402yjaWvNMu4=
github.com/aws/aws-sdk-go-v2/service/iam v1.53.1/go.mod h1:GNQZL4JRSGH6L0/SNGOtffaB1vmlToYp3KtcUIB0NhI=
github.com/aws/aws-sdk-go-v2/service/inspector2 v1.46.1 h1:LFa1WYHZQ5+mC3r33QWxEO0z3V580ktQhVesRmIkX14=
github.com/aws/aws-sdk-go-v2/service/inspector2 v1.46.1/go.mod h1:/7lMsX5Krrhhfcs3gzjSthmQSJOaM92iHzZ2PI4lA3k=
github.com/aws/aws-sdk-go-v2/service/internal/accept-encoding v1.13.4 h1:0ryTNEdJbzUCEWkVXEXoqlXV72J5keC1GvILMOuD00E=
github.com/aws/aws-sdk-go-v2/service/internal/accept-encoding v1.13.4/go.mod h1:HQ4qwNZh32C3CBeO6iJLQlgtMzqeG17ziAA/3KDJFow=
github.com/aws/aws-sdk-go-v2/service/internal/checksum v1.9.7 h1:DIBqIrJ7hv+e4CmIk2z3pyKT+3B6qVMgRsawHiR3qso=
github.com/aws/aws-sdk-go-v2/service/internal/checksum v1.9.7/go.mod h1:vLm00xmBke75UmpNvOcZQ/Q30ZFjbczeLFqGx5urmGo=
github.com/aws/aws-sdk-go-v2/service/internal/endpoint-discovery v1.11.16 h1:8g4OLy3zfNzLV20wXmZgx+QumI9WhWHnd4GCdvETxs4=
github.com/aws/aws-sdk-go-v2/service/internal/endpoint-discovery v1.11.16/go.mod h1:5a78jwLMs7BaesU0UIhLfVy2ZmOEgOy6ewYQXKTD37Q=
github.com/aws/aws-sdk-go-v2/service/internal/presigned-url v1.13.16 h1:oHjJHeUy0ImIV0bsrX0X91GkV5nJAyv1l1CC9lnO0TI=
github.com/aws/aws-sdk-go-v2/service/internal/presigned-url v1.13.16/go.mod h1:iRSNGgOYmiYwSCXxXaKb9HfOEj40+oTKn8pTxMlYkRM=
github.com/aws/aws-sdk-go-v2/service/internal/s3shared v1.19.16 h1:NSbvS17MlI2lurYgXnCOLvCFX38sBW4eiVER7+kkgsU=
github.com/aws/aws-sdk-go-v2/service/internal/s3shared v1.19.16/go.mod h1:SwT8Tmqd4sA6G1qaGdzWCJN99bUmPGHfRwwq3G5Qb+A=
github.com/aws/aws-sdk-go-v2/service/kinesis v1.42.9 h1:9Dme/lCNr7GT+n3+AsJV95g5akEhSYeJKoQOcrL8xZ4=
github.com/aws/aws-sdk-go-v2/service/kinesis v1.42.9/go.mod h1:77+d3nX1hnx0CMC+FG3N34e86SOaEKGpSP+8bQYkX90=
github.com/aws/aws-sdk-go-v2/service/kms v1.49.4 h1:2gom8MohxN0SnhHZBYAC4S8jHG+ENEnXjyJ5xKe3vLc=
github.com/aws/aws-sdk-go-v2/service/kms v1.49.4/go.mod h1:HO31s0qt0lso/ADvZQyzKs8js/ku0fMHsfyXW8OPVYc=
github.com/aws/aws-sdk-go-v2/service/lambda v1.87.0 h1:E5UXxF3vK3JuViwKCHfTJBIiFjvE4aytSucZjI2UAlQ=
github.com/aws/aws-sdk-go-v2/service/lambda v1.87.0/go.mod h1:6f64Y1BEf6e1uCI+LtGbcZSKDK1GvgJ+iI4vP/bbE8s=
github.com/aws/aws-sdk-go-v2/service/licensemanager v1.37.4 h1:9wWpaVEAfS6oSblVpTcpYbOY1t13K0OaSw5wNfDTPZM=
github.com/aws/aws-sdk-go-v2/service/licensemanager v1.37.4/go.mod h1:Zrc5dFCvWTGlQA8hlhldaQ5llKwSONV46rUUXyl/KOA=
github.com/aws/aws-sdk-go-v2/service/macie2 v1.50.8 h1:wBz04NRh0P+QdXEDUg9ZxPg7rnMAJwx8FPuDlsywK8g=
github.com/aws/aws-sdk-go-v2/service/macie2 v1.50.8/go.mod h1:V01kM0gQi/X7cAgQq8oYxJZK5SI0ix1X30dsEPdnkG0=
github.com/aws/aws-sdk-go-v2/service/networkfirewall v1.59.2 h1:UQqzswR55GJGyliE/cnDHSWvAi5medG2PN5zdQKZWwY=
github.com/aws/aws-sdk-go-v2/service/networkfirewall v1.59.2/go.mod h1:eQQOkwMgV4/kW5q8A8M0JitBIppaWHEY2ST9tSZlLng=
github.com/aws/aws-sdk-go-v2/service/opensearch v1.56.0 h1:5fEX9xgasulnog9z/s2tfA1HzxoOcTzjFNZxbRvURYw=
github.com/aws/aws-sdk-go-v2/service/opensearch v1.56.0/go.mod h1:0VgDf/vMiSyGBTP1OrqqdWLpbAJQd9wKfFpLtWffrFQ=
github.com/aws/aws-sdk-go-v2/service/organizations v1.50.0 h1:HGC9bFaqjHWWD8cnNYVbQIrkzZwRJs2UxqdrGnaeSvE=
github.com/aws/aws-sdk-go-v2/service/organizations v1.50.0/go.mod h1:tTgixGOX/GSKJg6/ktn/dc49IYJDxeV+LNxiYE33riU=
github.com/aws/aws-sdk-go-v2/service/rds v1.113.1 h1:/vV0g/Su8rCTqT57UUYiFU/aRrPXz//fGDn1dkXblG4=
github.com/aws/aws-sdk-go-v2/service/rds v1.113.1/go.mod h1:q02df+DL73LN+jDXzj86tMsI6kKf1kfv61nB684H+o8=
github.com/aws/aws-sdk-go-v2/service/redshift v1.61.4 h1:nufUF8qOf5sSKOBJsTu5sYJnA+sgKGA6712pdIpCSoA=
github.com/aws/aws-sdk-go-v2/service/redshift v1.61.4/go.mod h1:QYBdUiwwcvJ6/RomRedCV4hEKkvI1GtJ35d9Qv2r2Zs=
github.com/aws/aws-sdk-go-v2/service/resourcegroupstaggingapi v1.31.5 h1:0jwTqyyPsbn4UysC6ltj/AuntNBWBeU++kNJQtShtg0=
github.com/aws/aws-sdk-go-v2/service/resourcegroupstaggingapi v1.31.5/go.mod h1:ydy76wx7I+HsqhlEo0vhVTl785TDNbpgtEXhd3i4ZTc=
github.com/aws/aws-sdk-go-v2/service/route53 v1.62.0 h1:80pDB3Tpmb2RCSZORrK9/3iQxsd+w6vSzVqpT1FGiwE=
github.com/aws/aws-sdk-go-v2/service/route53 v1.62.0/go.mod h1:6EZUGGNLPLh5Unt30uEoA+KQcByERfXIkax9qrc80nA=
github.com/aws/aws-sdk-go-v2/service/s3 v1.93.2 h1:U3ygWUhCpiSPYSHOrRhb3gOl9T5Y3kB8k5Vjs//57bE=
github.com/aws/aws-sdk-go-v2/service/s3 v1.93.2/go.mod h1:79S2BdqCJpScXZA2y+cpZuocWsjGjJINyXnOsf5DTz8=
github.com/aws/aws-sdk-go-v2/service/s3vectors v1.6.1 h1:rDzOqlygRph8qCsnVfvCxi6HPJx4Ui7XDZmlQY0MXYs=
github.com/aws/aws-sdk-go-v2/service/s3vectors v1.6.1/go.mod h1:oyW5/VgQ6XPfMYtu6cSwfAEnhaFQdzJ67L5MwEfFoiw=
github.com/aws/aws-sdk-go-v2/service/sagemaker v1.228.2 h1:96uJoMTjZ6WdXD0+bCjQib+U42++cYrf4fXbiu7VpEY=
github.com/aws/aws-sdk-go-v2/service/sagemaker v1.228.2/go.mod h1:6TLogKvr0gKvi3GDJd6rZQ9uVl/fkXgCkWUuVD4EdLI=
github.com/aws/aws-sdk-go-v2/service/savingsplans v1.31.1 h1:Zqz+yK0iuS84I6cQExTXewD2/XjH/m+RsCYbhQukbp0=
github.com/aws/aws-sdk-go-v2/service/savingsplans v1.31.1/go.mod h1:A/FYlteWmWYAAUgFEPEd+zMhZPeusOpFyBxxlUesmuU=
github.com/aws/aws-sdk-go-v2/service/secretsmanager v1.41.0 h1:vL6rQXcGtFv9q/9eRPdI+lL+dvTm7xKGZYSHEvmrpDk=
github.com/aws/aws-sdk-go-v2/service/secretsmanager v1.41.0/go.mod h1:QwEDLD+7EukuEUnbWtiNE8LhgvvmhjZoi4XAppYPtyc=
github.com/aws/aws-sdk-go-v2/service/securityhub v1.67.2 h1:mFwn+Z/A7cs8lgawN2ASJ/u60Ay4fPYg0lGL1GgpnT0=
github.com/aws/aws-sdk-go-v2/service/securityhub v1.67.2/go.mod h1:+1I3OMggwxrBeWT1LTtwS7DKtUizbLL3dozMaR33KV0=
github.com/aws/aws-sdk-go-v2/service/servicequotas v1.33.12 h1:7/Bys3vN+LgCtSMSETBRNRTuVkIC2WTEtu9MZyQ2zwc=
github.com/aws/aws-sdk-go-v2/service/servicequotas v1.33.12/go.mod h1:zfrr8eV7yr3nakr+K+22q+wA3t5ApjqTiNSCbEzK7fM=
github.com/aws/aws-sdk-go-v2/service/sfn v1.40.5 h1:nhPlRp9oCZOh1M/4zVn4pqguzEJ3Q3emnyS9k8sW8u8=
github.com/aws/aws-sdk-go-v2/service/sfn v1.40.5/go.mod h1:dfVRuB5XudlLMY6PVMu4T2lmfXYMARapmdc2/cUN2Mw=
github.com/aws/aws-sdk-go-v2/service/signin v1.0.4 h1:HpI7aMmJ+mm1wkSHIA2t5EaFFv5EFYXePW30p1EIrbQ=
github.com/aws/aws-sdk-go-v2/service/signin v1.0.4/go.mod h1:C5RdGMYGlfM0gYq/tifqgn4EbyX99V15P2V3R+VHbQU=
github.com/aws/aws-sdk-go-v2/service/sns v1.39.10 h1:wqErrLzV3iERQ7dbZbKQS0gOM6ngxZtmPwKyRGn+Krc=
github.com/aws/aws-sdk-go-v2/service/sns v1.39.10/go.mod h1:OiwBtRz6QlQyt69WLBMvSiyfgI7cOd6xSJ9ThTMjI5M=
github.com/aws/aws-sdk-go-v2/service/sqs v1.42.20 h1:qa+1W+Kon3WDwO+8ugco4D9KvO0Pf0KBTn1hN7opIFw=
github.com/aws/aws-sdk-go-v2/service/sqs v1.42.20/go.mod h1:OG0Y3TgC+IeM++ngh+IcEkN24ruGsmRiAP8GUsOhMW8=
github.com/aws/aws-sdk-go-v2/service/ssm v1.67.7 h1:0q42w8/mywPCzQD1IoWIBUCYfBJc5+fLwtZNpHffBSM=
github.com/aws/aws-sdk-go-v2/service/ssm v1.67.7/go.mod h1:urlU9nfKJEfi0+8T9luB3f3Y0UnomH/yxI7tTrfH9es=
github.com/aws/aws-sdk-go-v2/service/sso v1.30.7 h1:eYnlt6QxnFINKzwxP5/Ucs1vkG7VT3Iezmvfgc2waUw=
github.com/aws/aws-sdk-go-v2/service/sso v1.30.7/go.mod h1:+fWt2UHSb4kS7Pu8y+BMBvJF0EWx+4H0hzNwtDNRTrg=
github.com/aws/aws-sdk-go-v2/service/ssooidc v1.35.12 h1:AHDr0DaHIAo8c9t1emrzAlVDFp+iMMKnPdYy6XO4MCE=
github.com/aws/aws-sdk-go-v2/service/ssooidc v1.35.12/go.mod h1:GQ73XawFFiWxyWXMHWfhiomvP3tXtdNar/fi8z18sx0=
github.com/aws/aws-sdk-go-v2/service/sts v1.41.5 h1:SciGFVNZ4mHdm7gpD1dgZYnCuVdX1s+lFTg4+4DOy70=
github.com/aws/aws-sdk-go-v2/service/sts v1.41.5/go.mod h1:iW40X4QBmUxdP+fZNOpfmkdMZqsovezbAeO+Ubiv2pk=
github.com/aws/aws-sdk-go-v2/service/transcribe v1.53.10 h1:in3CSrCjUYvz3z6I/flh2328lYRcochyHgWwi9ocRHw=
github.com/aws/aws-sdk-go-v2/service/transcribe v1.53.10/go.mod h1:ELpS1JjDBqdWL3vGuJJThEUZM7jxD+tzw9cHaCm7DEs=
github.com/aws/aws-sdk-go-v2/service/transfer v1.68.4 h1:btvrYbX0GK9orCMyQYZWMcTGnr/6vyTgrRoxlxn0zoo=
github.com/aws/aws-sdk-go-v2/service/transfer v1.68.4/go.mod h1:ipUzOV/iivYDtfMRTYXeat4B8+lKX1X9MMLnTGcprpQ=
github.com/aws/aws-sdk-go-v2/service/trustedadvisor v1.13.17 h1:JmmxkbTdh4T/YVBCDsjAmIqiFgZaN0J1diHq7/fCnk4=
github.com/aws/aws-sdk-go-v2/service/trustedadvisor v1.13.17/go.mod h1:LoA+TP4mpM7Szx9mjMSevYMroSZGXIbmtjqI4sBcA1w=
github.com/aws/aws-sdk-go-v2/service/wafv2 v1.70.4 h1:nzu+shQb7bVbXFWEnFB/R2LuiM4p8QuyN3P9vS/KJBw=
github.com/aws/aws-sdk-go-v2/service/wafv2 v1.70.4/go.mod h1:UU4OZ1UXQ8O2vx6dj6czjDKv+8WbmtVYBFoFS+4buQ8=
github.com/aws/aws-sdk-go-v2/service/xray v1.36.16 h1:QmiDhZi76gIQXhZttJvkrJQBEiMQtnvD1SykHVWRD7A=
github.com/aws/aws-sdk-go-v2/service/xray v1.36.16/go.mod h1:KOlafD/fk22WyDqDQIhCav1UFffNk1KcUyUNXqEMYBw=
github.com/aws/smithy-go v1.24.0 h1:LpilSUItNPFr1eY85RYgTIg5eIEPtvFbskaFcmmIUnk=
github.com/aws/smithy-go v1.24.0/go.mod h1:LEj2LM3rBRQJxPZTB4KuzZkaZYnZPnvgIhb4pu07mx0=
github.com/aymanbagabas/go-udiff v0.3.1 h1:LV+qyBQ2pqe0u42ZsUEtPiCaUoqgA9gYRDs3vj1nolY=
github.com/aymanbagabas/go-udiff v0.3.1/go.mod h1:G0fsKmG+P6ylD0r6N/KgQD/nWzgfnl8ZBcNLgcbrw8E=
github.com/charmbracelet/colorprofile v0.4.1 h1:a1lO03qTrSIRaK8c3JRxJDZOvhvIeSco3ej+ngLk1kk=
github.com/charmbracelet/colorprofile v0.4.1/go.mod h1:U1d9Dljmdf9DLegaJ0nGZNJvoXAhayhmidOdcBwAvKk=
github.com/charmbracelet/ultraviolet v0.0.0-20251116181749-377898bcce38 h1:7Rs87fbKJoIIxsQS8YKJYGYa0tlsDwwb0twQjV1KB+g=
github.com/charmbracelet/ultraviolet v0.0.0-20251116181749-377898bcce38/go.mod h1:6lfcr3MNP+kZR25sF1nQwJFuQnNYBlFy3PGX5rvslXc=
github.com/charmbracelet/x/ansi v0.11.3 h1:6DcVaqWI82BBVM/atTyq6yBoRLZFBsnoDoX9GCu2YOI=
github.com/charmbracelet/x/ansi v0.11.3/go.mod h1:yI7Zslym9tCJcedxz5+WBq+eUGMJT0bM06Fqy1/Y4dI=
github.com/charmbracelet/x/exp/golden v0.0.0-20250806222409-83e3a29d542f h1:pk6gmGpCE7F3FcjaOEKYriCvpmIN4+6OS/RD0vm4uIA=
github.com/charmbracelet/x/exp/golden v0.0.0-20250806222409-83e3a29d542f/go.mod h1:IfZAMTHB6XkZSeXUqriemErjAWCCzT0LwjKFYCZyw0I=
github.com/charmbracelet/x/term v0.2.2 h1:xVRT/S2ZcKdhhOuSP4t5cLi5o+JxklsoEObBSgfgZRk=
github.com/charmbracelet/x/term v0.2.2/go.mod h1:kF8CY5RddLWrsgVwpw4kAa6TESp6EB5y3uxGLeCqzAI=
github.com/charmbracelet/x/termios v0.1.1 h1:o3Q2bT8eqzGnGPOYheoYS8eEleT5ZVNYNy8JawjaNZY=
github.com/charmbracelet/x/termios v0.1.1/go.mod h1:rB7fnv1TgOPOyyKRJ9o+AsTU/vK5WHJ2ivHeut/Pcwo=
github.com/charmbracelet/x/windows v0.2.2 h1:IofanmuvaxnKHuV04sC0eBy/smG6kIKrWG2/jYn2GuM=
github.com/charmbracelet/x/windows v0.2.2/go.mod h1:/8XtdKZzedat74NQFn0NGlGL4soHB0YQZrETF96h75k=
github.com/clipperhouse/displaywidth v0.6.1 h1:/zMlAezfDzT2xy6acHBzwIfyu2ic0hgkT83UX5EY2gY=
github.com/clipperhouse/displaywidth v0.6.1/go.mod h1:R+kHuzaYWFkTm7xoMmK1lFydbci4X2CicfbGstSGg0o=
github.com/clipperhouse/stringish v0.1.1 h1:+NSqMOr3GR6k1FdRhhnXrLfztGzuG+VuFDfatpWHKCs=
github.com/clipperhouse/stringish v0.1.1/go.mod h1:v/WhFtE1q0ovMta2+m+UbpZ+2/HEXNWYXQgCt4hdOzA=
github.com/clipperhouse/uax29/v2 v2.3.0 h1:SNdx9DVUqMoBuBoW3iLOj4FQv3dN5mDtuqwuhIGpJy4=
github.com/clipperhouse/uax29/v2 v2.3.0/go.mod h1:Wn1g7MK6OoeDT0vL+Q0SQLDz/KpfsVRgg6W7ihQeh4g=
github.com/creack/pty v1.1.24 h1:bJrF4RRfyJnbTJqzRLHzcGaZK1NeM5kTC9jGgovnR1s=
github.com/creack/pty v1.1.24/go.mod h1:08sCNb52WyoAwi2QDyzUCTgcvVFhUzewun7wtTfvcwE=
github.com/davecgh/go-spew v1.1.1 h1:vj9j/u1bqnvCEfJOwUhtlOARqs3+rkHYY13jYWTU97c=
github.com/davecgh/go-spew v1.1.1/go.mod h1:J7Y8YcW2NihsgmVo/mv3lAwl/skON4iLHjSsI+c5H38=
github.com/lucasb-eyer/go-colorful v1.3.0 h1:2/yBRLdWBZKrf7gB40FoiKfAWYQ0lqNcbuQwVHXptag=
github.com/lucasb-eyer/go-colorful v1.3.0/go.mod h1:R4dSotOR9KMtayYi1e77YzuveK+i7ruzyGqttikkLy0=
github.com/mattn/go-runewidth v0.0.19 h1:v++JhqYnZuu5jSKrk9RbgF5v4CGUjqRfBm05byFGLdw=
github.com/mattn/go-runewidth v0.0.19/go.mod h1:XBkDxAl56ILZc9knddidhrOlY5R/pDhgLpndooCuJAs=
github.com/muesli/cancelreader v0.2.2 h1:3I4Kt4BQjOR54NavqnDogx/MIoWBFa0StPA8ELUXHmA=
github.com/muesli/cancelreader v0.2.2/go.mod h1:3XuTXfFS2VjM+HTLZY9Ak0l6eUKfijIfMUZ4EgX0QYo=
github.com/pmezard/go-difflib v1.0.0 h1:4DBwDE0NGyQoBHbLQYPwSUPoCMWR5BEzIk/f1lZbAQM=
github.com/pmezard/go-difflib v1.0.0/go.mod h1:iKH77koFhYxTK1pcRnkKkqfTogsbg7gZNVY4sRDYZ/4=
github.com/rivo/uniseg v0.4.7 h1:WUdvkW8uEhrYfLC4ZzdpI2ztxP1I582+49Oc5Mq64VQ=
github.com/rivo/uniseg v0.4.7/go.mod h1:FN3SvrM+Zdj16jyLfmOkMNblXMcoc8DfTHruCPUcx88=
github.com/stretchr/testify v1.11.1 h1:7s2iGBzp5EwR7/aIZr8ao5+dra3wiQyKjjFuvgVKu7U=
github.com/stretchr/testify v1.11.1/go.mod h1:wZwfW3scLgRK+23gO65QZefKpKQRnfz6sD981Nm4B6U=
github.com/xo/terminfo v0.0.0-20220910002029-abceb7e1c41e h1:JVG44RsyaB9T2KIHavMF/ppJZNG9ZpyihvCd0w101no=
github.com/xo/terminfo v0.0.0-20220910002029-abceb7e1c41e/go.mod h1:RbqR21r5mrJuqunuUZ/Dhy/avygyECGrLceyNeo4LiM=
golang.org/x/exp v0.0.0-20250305212735-054e65f0b394 h1:nDVHiLt8aIbd/VzvPWN6kSOPE7+F/fNFDSXLVYkE/Iw=
golang.org/x/exp v0.0.0-20250305212735-054e65f0b394/go.mod h1:sIifuuw/Yco/y6yb6+bDNfyeQ/MdPUy/hKEMYQV17cM=
golang.org/x/sync v0.19.0 h1:vV+1eWNmZ5geRlYjzm2adRgW2/mcpevXNg50YZtPCE4=
golang.org/x/sync v0.19.0/go.mod h1:9KTHXmSnoGruLpwFjVSX0lNNA75CykiMECbovNTZqGI=
golang.org/x/sys v0.39.0 h1:CvCKL8MeisomCi6qNZ+wbb0DN9E5AATixKsvNtMoMFk=
golang.org/x/sys v0.39.0/go.mod h1:OgkHotnGiDImocRcuBABYBEXf8A9a87e/uXjp9XT3ks=
golang.org/x/term v0.38.0 h1:PQ5pkm/rLO6HnxFR7N2lJHOZX6Kez5Y1gDSJla6jo7Q=
golang.org/x/term v0.38.0/go.mod h1:bSEAKrOT1W+VSu9TSCMtoGEOUcKxOKgl3LE5QEF/xVg=
gopkg.in/check.v1 v0.0.0-20161208181325-20d25e280405 h1:yhCVgyC4o1eVCa2tZl7eS0r+SDo693bJlVdllGtEeKM=
gopkg.in/check.v1 v0.0.0-20161208181325-20d25e280405/go.mod h1:Co6ibVJAznAaIkqp8huTwlJQCZ016jof/cbN4VW5Yz0=
gopkg.in/ini.v1 v1.67.0 h1:Dgnx+6+nfE+IfzjUEISNeydPJh9AXNNsWbGP9KzCsOA=
gopkg.in/ini.v1 v1.67.0/go.mod h1:pNLf8WUiyNEtQjuu5G5vTm06TEv9tsIgeAvK8hOrP4k=
gopkg.in/yaml.v3 v3.0.1 h1:fxVm/GzAzEWqLHuvctI91KS9hhNmmWOoWu0XTYJS7CA=
gopkg.in/yaml.v3 v3.0.1/go.mod h1:K4uyk7z7BCEPqu6E+C64Yfv1cQ7kz7rIZviUmN+EgEM=
